#MicroXplorer Configuration settings - do not modify
Dma.I2C1_RX.11.Direction=DMA_PERIPH_TO_MEMORY
Dma.I2C1_RX.11.FIFOMode=DMA_FIFOMODE_DISABLE
Dma.I2C1_RX.11.Instance=DMA1_Stream0
Dma.I2C1_RX.11.MemDataAlignment=DMA_MDATAALIGN_BYTE
Dma.I2C1_RX.11.MemInc=DMA_MINC_ENABLE
Dma.I2C1_RX.11.Mode=DMA_NORMAL
Dma.I2C1_RX.11.PeriphDataAlignment=DMA_PDATAALIGN_BYTE
Dma.I2C1_RX.11.PeriphInc=DMA_PINC_DISABLE
Dma.I2C1_RX.11.Priority=DMA_PRIORITY_HIGH
Dma.I2C1_RX.11.RequestParameters=Instance,Direction,PeriphInc,MemInc,PeriphDataAlignment,MemDataAlignment,Mode,Priority,FIFOMode
Dma.Request0=TIM1_CH1
Dma.Request1=TIM1_CH2
Dma.Request10=USART1_TX
Dma.Request11=I2C1_RX
Dma.Request2=TIM1_CH3
Dma.Request3=TIM3_CH1/TRIG
Dma.Request4=TIM3_CH3
Dma.Request5=TIM3_CH4/UP
Dma.Request6=TIM4_CH2
Dma.Request7=TIM2_CH3/UP
Dma.Request8=TIM2_CH2/CH4
Dma.Request9=USART1_RX
Dma.RequestsNb=12
Dma.TIM1_CH1.0.Direction=DMA_MEMORY_TO_PERIPH
Dma.TIM1_CH1.0.FIFOMode=DMA_FIFOMODE_DISABLE
Dma.TIM1_CH1.0.Instance=DMA2_Stream1
Dma.TIM1_CH1.0.MemDataAlignment=DMA_MDATAALIGN_HALFWORD
Dma.TIM1_CH1.0.MemInc=DMA_MINC_ENABLE
Dma.TIM1_CH1.0.Mode=DMA_NORMAL
Dma.TIM1_CH1.0.PeriphDataAlignment=DMA_PDATAALIGN_HALFWORD
Dma.TIM1_CH1.0.PeriphInc=DMA_PINC_DISABLE
Dma.TIM1_CH1.0.Priority=DMA_PRIORITY_MEDIUM
Dma.TIM1_CH1.0.RequestParameters=Instance,Direction,PeriphInc,MemInc,PeriphDataAlignment,MemDataAlignment,Mode,Priority,FIFOMode
Dma.TIM1_CH2.1.Direction=DMA_MEMORY_TO_PERIPH
Dma.TIM1_CH2.1.FIFOMode=DMA_FIFOMODE_DISABLE
Dma.TIM1_CH2.1.Instance=DMA2_Stream2
Dma.TIM1_CH2.1.MemDataAlignment=DMA_MDATAALIGN_HALFWORD
Dma.TIM1_CH2.1.MemInc=DMA_MINC_ENABLE
Dma.TIM1_CH2.1.Mode=DMA_NORMAL
Dma.TIM1_CH2.1.PeriphDataAlignment=DMA_PDATAALIGN_HALFWORD
Dma.TIM1_CH2.1.PeriphInc=DMA_PINC_DISABLE
Dma.TIM1_CH2.1.Priority=DMA_PRIORITY_MEDIUM
Dma.TIM1_CH2.1.RequestParameters=Instance,Direction,PeriphInc,MemInc,PeriphDataAlignment,MemDataAlignment,Mode,Priority,FIFOMode
Dma.TIM1_CH3.2.Direction=DMA_MEMORY_TO_PERIPH
Dma.TIM1_CH3.2.FIFOMode=DMA_FIFOMODE_DISABLE
Dma.TIM1_CH3.2.Instance=DMA2_Stream6
Dma.TIM1_CH3.2.MemDataAlignment=DMA_MDATAALIGN_HALFWORD
Dma.TIM1_CH3.2.MemInc=DMA_MINC_ENABLE
Dma.TIM1_CH3.2.Mode=DMA_NORMAL
Dma.TIM1_CH3.2.PeriphDataAlignment=DMA_PDATAALIGN_HALFWORD
Dma.TIM1_CH3.2.PeriphInc=DMA_PINC_DISABLE
Dma.TIM1_CH3.2.Priority=DMA_PRIORITY_MEDIUM
Dma.TIM1_CH3.2.RequestParameters=Instance,Direction,PeriphInc,MemInc,PeriphDataAlignment,MemDataAlignment,Mode,Priority,FIFOMode
Dma.TIM2_CH2/CH4.8.Direction=DMA_MEMORY_TO_PERIPH
Dma.TIM2_CH2/CH4.8.FIFOMode=DMA_FIFOMODE_DISABLE
Dma.TIM2_CH2/CH4.8.Instance=DMA1_Stream6
Dma.TIM2_CH2/CH4.8.MemDataAlignment=DMA_MDATAALIGN_WORD
Dma.TIM2_CH2/CH4.8.MemInc=DMA_MINC_ENABLE
Dma.TIM2_CH2/CH4.8.Mode=DMA_NORMAL
Dma.TIM2_CH2/CH4.8.PeriphDataAlignment=DMA_PDATAALIGN_WORD
Dma.TIM2_CH2/CH4.8.PeriphInc=DMA_PINC_DISABLE
Dma.TIM2_CH2/CH4.8.Priority=DMA_PRIORITY_MEDIUM
Dma.TIM2_CH2/CH4.8.RequestParameters=Instance,Direction,PeriphInc,MemInc,PeriphDataAlignment,MemDataAlignment,Mode,Priority,FIFOMode
Dma.TIM2_CH3/UP.7.Direction=DMA_MEMORY_TO_PERIPH
Dma.TIM2_CH3/UP.7.FIFOMode=DMA_FIFOMODE_DISABLE
Dma.TIM2_CH3/UP.7.Instance=DMA1_Stream1
Dma.TIM2_CH3/UP.7.MemDataAlignment=DMA_MDATAALIGN_WORD
Dma.TIM2_CH3/UP.7.MemInc=DMA_MINC_ENABLE
Dma.TIM2_CH3/UP.7.Mode=DMA_NORMAL
Dma.TIM2_CH3/UP.7.PeriphDataAlignment=DMA_PDATAALIGN_WORD
Dma.TIM2_CH3/UP.7.PeriphInc=DMA_PINC_DISABLE
Dma.TIM2_CH3/UP.7.Priority=DMA_PRIORITY_MEDIUM
Dma.TIM2_CH3/UP.7.RequestParameters=Instance,Direction,PeriphInc,MemInc,PeriphDataAlignment,MemDataAlignment,Mode,Priority,FIFOMode
Dma.TIM3_CH1/TRIG.3.Direction=DMA_MEMORY_TO_PERIPH
Dma.TIM3_CH1/TRIG.3.FIFOMode=DMA_FIFOMODE_DISABLE
Dma.TIM3_CH1/TRIG.3.Instance=DMA1_Stream4
Dma.TIM3_CH1/TRIG.3.MemDataAlignment=DMA_MDATAALIGN_HALFWORD
Dma.TIM3_CH1/TRIG.3.MemInc=DMA_MINC_ENABLE
Dma.TIM3_CH1/TRIG.3.Mode=DMA_NORMAL
Dma.TIM3_CH1/TRIG.3.PeriphDataAlignment=DMA_PDATAALIGN_HALFWORD
Dma.TIM3_CH1/TRIG.3.PeriphInc=DMA_PINC_DISABLE
Dma.TIM3_CH1/TRIG.3.Priority=DMA_PRIORITY_MEDIUM
Dma.TIM3_CH1/TRIG.3.RequestParameters=Instance,Direction,PeriphInc,MemInc,PeriphDataAlignment,MemDataAlignment,Mode,Priority,FIFOMode
Dma.TIM3_CH3.4.Direction=DMA_MEMORY_TO_PERIPH
Dma.TIM3_CH3.4.FIFOMode=DMA_FIFOMODE_DISABLE
Dma.TIM3_CH3.4.Instance=DMA1_Stream7
Dma.TIM3_CH3.4.MemDataAlignment=DMA_MDATAALIGN_HALFWORD
Dma.TIM3_CH3.4.MemInc=DMA_MINC_ENABLE
Dma.TIM3_CH3.4.Mode=DMA_NORMAL
Dma.TIM3_CH3.4.PeriphDataAlignment=DMA_PDATAALIGN_HALFWORD
Dma.TIM3_CH3.4.PeriphInc=DMA_PINC_DISABLE
Dma.TIM3_CH3.4.Priority=DMA_PRIORITY_MEDIUM
Dma.TIM3_CH3.4.RequestParameters=Instance,Direction,PeriphInc,MemInc,PeriphDataAlignment,MemDataAlignment,Mode,Priority,FIFOMode
Dma.TIM3_CH4/UP.5.Direction=DMA_MEMORY_TO_PERIPH
Dma.TIM3_CH4/UP.5.FIFOMode=DMA_FIFOMODE_DISABLE
Dma.TIM3_CH4/UP.5.Instance=DMA1_Stream2
Dma.TIM3_CH4/UP.5.MemDataAlignment=DMA_MDATAALIGN_HALFWORD
Dma.TIM3_CH4/UP.5.MemInc=DMA_MINC_ENABLE
Dma.TIM3_CH4/UP.5.Mode=DMA_NORMAL
Dma.TIM3_CH4/UP.5.PeriphDataAlignment=DMA_PDATAALIGN_HALFWORD
Dma.TIM3_CH4/UP.5.PeriphInc=DMA_PINC_DISABLE
Dma.TIM3_CH4/UP.5.Priority=DMA_PRIORITY_MEDIUM
Dma.TIM3_CH4/UP.5.RequestParameters=Instance,Direction,PeriphInc,MemInc,PeriphDataAlignment,MemDataAlignment,Mode,Priority,FIFOMode
Dma.TIM4_CH2.6.Direction=DMA_PERIPH_TO_MEMORY
Dma.TIM4_CH2.6.FIFOMode=DMA_FIFOMODE_DISABLE
Dma.TIM4_CH2.6.Instance=DMA1_Stream3
Dma.TIM4_CH2.6.MemDataAlignment=DMA_MDATAALIGN_HALFWORD
Dma.TIM4_CH2.6.MemInc=DMA_MINC_ENABLE
Dma.TIM4_CH2.6.Mode=DMA_NORMAL
Dma.TIM4_CH2.6.PeriphDataAlignment=DMA_PDATAALIGN_HALFWORD
Dma.TIM4_CH2.6.PeriphInc=DMA_PINC_DISABLE
Dma.TIM4_CH2.6.Priority=DMA_PRIORITY_HIGH
Dma.TIM4_CH2.6.RequestParameters=Instance,Direction,PeriphInc,MemInc,PeriphDataAlignment,MemDataAlignment,Mode,Priority,FIFOMode
Dma.USART1_RX.9.Direction=DMA_PERIPH_TO_MEMORY
Dma.USART1_RX.9.FIFOMode=DMA_FIFOMODE_DISABLE
Dma.USART1_RX.9.Instance=DMA2_Stream5
Dma.USART1_RX.9.MemDataAlignment=DMA_MDATAALIGN_BYTE
Dma.USART1_RX.9.MemInc=DMA_MINC_ENABLE
Dma.USART1_RX.9.Mode=DMA_NORMAL
Dma.USART1_RX.9.PeriphDataAlignment=DMA_PDATAALIGN_BYTE
Dma.USART1_RX.9.PeriphInc=DMA_PINC_DISABLE
Dma.USART1_RX.9.Priority=DMA_PRIORITY_HIGH
Dma.USART1_RX.9.RequestParameters=Instance,Direction,PeriphInc,MemInc,PeriphDataAlignment,MemDataAlignment,Mode,Priority,FIFOMode
Dma.USART1_TX.10.Direction=DMA_MEMORY_TO_PERIPH
Dma.USART1_TX.10.FIFOMode=DMA_FIFOMODE_DISABLE
Dma.USART1_TX.10.Instance=DMA2_Stream7
Dma.USART1_TX.10.MemDataAlignment=DMA_MDATAALIGN_BYTE
Dma.USART1_TX.10.MemInc=DMA_MINC_ENABLE
Dma.USART1_TX.10.Mode=DMA_NORMAL
Dma.USART1_TX.10.PeriphDataAlignment=DMA_PDATAALIGN_BYTE
Dma.USART1_TX.10.PeriphInc=DMA_PINC_DISABLE
Dma.USART1_TX.10.Priority=DMA_PRIORITY_HIGH
Dma.USART1_TX.10.RequestParameters=Instance,Direction,PeriphInc,MemInc,PeriphDataAlignment,MemDataAlignment,Mode,Priority,FIFOMode
FREERTOS.BinarySemaphores01=binarySemGetFRAM,Dynamic,NULL;binarySemMasterGetData,Dynamic,NULL;binarySemI2C_Status,Dynamic,NULL
FREERTOS.FootprintOK=true
FREERTOS.IPParameters=Tasks01,BinarySemaphores01,FootprintOK
FREERTOS.Tasks01=defaultTask,3,128,StartDefaultTask,Default,NULL,Dynamic,NULL,NULL;taskScanPiece,2,2048,StartTaskScanPiece,As external,NULL,Static,taskScanPieceBuffer,taskScanPieceControlBlock
File.Version=6
GPIO.groupedBy=Group By Peripherals
I2C1.IPParameters=OwnAddress
I2C1.OwnAddress=0x50
KeepUserPlacement=false
Mcu.CPN=STM32F401CCU6
Mcu.Family=STM32F4
Mcu.IP0=DMA
Mcu.IP1=FREERTOS
Mcu.IP10=TIM3
Mcu.IP11=TIM4
Mcu.IP12=USART1
Mcu.IP13=USB_DEVICE
Mcu.IP14=USB_OTG_FS
Mcu.IP2=I2C1
Mcu.IP3=NVIC
Mcu.IP4=RCC
Mcu.IP5=RTC
Mcu.IP6=SPI1
Mcu.IP7=SYS
Mcu.IP8=TIM1
Mcu.IP9=TIM2
Mcu.IPNb=15
Mcu.Name=STM32F401C(B-C)Ux
Mcu.Package=UFQFPN48
Mcu.Pin0=PC14-OSC32_IN
Mcu.Pin1=PC15-OSC32_OUT
Mcu.Pin10=PB0
Mcu.Pin11=PB1
Mcu.Pin12=PB2
Mcu.Pin13=PB10
Mcu.Pin14=PB14
Mcu.Pin15=PB15
Mcu.Pin16=PA8
Mcu.Pin17=PA9
Mcu.Pin18=PA10
Mcu.Pin19=PA11
Mcu.Pin2=PH0 - OSC_IN
Mcu.Pin20=PA12
Mcu.Pin21=PA13
Mcu.Pin22=PA14
Mcu.Pin23=PA15
Mcu.Pin24=PB3
Mcu.Pin25=PB4
Mcu.Pin26=PB5
Mcu.Pin27=PB6
Mcu.Pin28=PB7
Mcu.Pin29=PB8
Mcu.Pin3=PH1 - OSC_OUT
Mcu.Pin30=PB9
Mcu.Pin31=VP_FREERTOS_VS_CMSIS_V1
Mcu.Pin32=VP_RTC_VS_RTC_Activate
Mcu.Pin33=VP_RTC_VS_RTC_Calendar
Mcu.Pin34=VP_SYS_VS_tim11
Mcu.Pin35=VP_TIM1_VS_ClockSourceINT
Mcu.Pin36=VP_TIM2_VS_ClockSourceINT
Mcu.Pin37=VP_TIM3_VS_ClockSourceINT
Mcu.Pin38=VP_TIM4_VS_ClockSourceINT
Mcu.Pin39=VP_USB_DEVICE_VS_USB_DEVICE_CDC_FS
Mcu.Pin4=PA0-WKUP
Mcu.Pin5=PA1
Mcu.Pin6=PA4
Mcu.Pin7=PA5
Mcu.Pin8=PA6
Mcu.Pin9=PA7
Mcu.PinsNb=40
Mcu.ThirdPartyNb=0
Mcu.UserConstants=
Mcu.UserName=STM32F401CCUx
MxCube.Version=6.6.1
MxDb.Version=DB.6.0.60
NVIC.BusFault_IRQn=true\:0\:0\:false\:false\:true\:false\:false\:false\:false
NVIC.DMA1_Stream0_IRQn=true\:5\:0\:false\:false\:true\:true\:false\:true\:true
NVIC.DMA1_Stream1_IRQn=true\:5\:0\:true\:false\:true\:true\:false\:true\:true
NVIC.DMA1_Stream2_IRQn=true\:5\:0\:true\:false\:true\:true\:false\:true\:true
NVIC.DMA1_Stream3_IRQn=true\:5\:0\:true\:false\:true\:true\:false\:true\:true
NVIC.DMA1_Stream4_IRQn=true\:5\:0\:true\:false\:true\:true\:false\:true\:true
NVIC.DMA1_Stream6_IRQn=true\:5\:0\:true\:false\:true\:true\:false\:true\:true
NVIC.DMA1_Stream7_IRQn=true\:5\:0\:true\:false\:true\:true\:false\:true\:true
NVIC.DMA2_Stream1_IRQn=true\:5\:0\:true\:false\:true\:true\:false\:true\:true
NVIC.DMA2_Stream2_IRQn=true\:5\:0\:true\:false\:true\:true\:false\:true\:true
NVIC.DMA2_Stream5_IRQn=true\:5\:0\:true\:false\:true\:true\:false\:true\:true
NVIC.DMA2_Stream6_IRQn=true\:5\:0\:true\:false\:true\:true\:false\:true\:true
NVIC.DMA2_Stream7_IRQn=true\:5\:0\:true\:false\:true\:true\:false\:true\:true
NVIC.DebugMonitor_IRQn=true\:0\:0\:false\:false\:true\:false\:false\:false\:false
NVIC.ForceEnableDMAVector=true
NVIC.HardFault_IRQn=true\:0\:0\:false\:false\:true\:false\:false\:false\:false
NVIC.I2C1_ER_IRQn=true\:5\:0\:false\:false\:true\:true\:true\:true\:true
NVIC.I2C1_EV_IRQn=true\:5\:0\:false\:false\:true\:true\:true\:true\:true
NVIC.MemoryManagement_IRQn=true\:0\:0\:false\:false\:true\:false\:false\:false\:false
NVIC.NonMaskableInt_IRQn=true\:0\:0\:false\:false\:true\:false\:false\:false\:false
NVIC.OTG_FS_IRQn=true\:5\:0\:false\:false\:true\:true\:false\:true\:true
NVIC.PendSV_IRQn=true\:15\:0\:false\:false\:false\:true\:false\:false\:false
NVIC.PriorityGroup=NVIC_PRIORITYGROUP_4
NVIC.SVCall_IRQn=true\:0\:0\:false\:false\:false\:false\:false\:false\:false
NVIC.SavedPendsvIrqHandlerGenerated=true
NVIC.SavedSvcallIrqHandlerGenerated=true
NVIC.SavedSystickIrqHandlerGenerated=true
NVIC.SysTick_IRQn=true\:15\:0\:false\:false\:false\:true\:false\:false\:false
NVIC.TIM1_BRK_TIM9_IRQn=true\:5\:0\:false\:false\:true\:true\:true\:true\:true
NVIC.TIM1_CC_IRQn=true\:5\:0\:false\:false\:true\:true\:true\:true\:true
NVIC.TIM1_TRG_COM_TIM11_IRQn=true\:15\:0\:false\:false\:true\:false\:false\:true\:true
NVIC.TIM1_UP_TIM10_IRQn=true\:5\:0\:true\:false\:true\:true\:true\:true\:true
NVIC.TIM2_IRQn=true\:5\:0\:false\:false\:true\:true\:true\:true\:true
NVIC.TIM3_IRQn=true\:5\:0\:false\:false\:true\:true\:true\:true\:true
NVIC.TIM4_IRQn=true\:5\:0\:false\:false\:true\:true\:true\:true\:true
NVIC.TimeBase=TIM1_TRG_COM_TIM11_IRQn
NVIC.TimeBaseIP=TIM11
NVIC.USART1_IRQn=true\:5\:0\:false\:false\:true\:true\:true\:true\:true
NVIC.UsageFault_IRQn=true\:0\:0\:false\:false\:true\:false\:false\:false\:false
PA0-WKUP.GPIOParameters=GPIO_Label
PA0-WKUP.GPIO_Label=BLE_STA
PA0-WKUP.Locked=true
PA0-WKUP.Signal=GPIO_Input
PA1.GPIOParameters=PinState,GPIO_Label
PA1.GPIO_Label=BLE_PWRC
PA1.Locked=true
PA1.PinState=GPIO_PIN_SET
PA1.Signal=GPIO_Output
PA10.GPIOParameters=GPIO_PuPd
PA10.GPIO_PuPd=GPIO_PULLUP
PA10.Mode=Asynchronous
PA10.Signal=USART1_RX
PA11.Mode=Device_Only
PA11.Signal=USB_OTG_FS_DM
PA12.Mode=Device_Only
PA12.Signal=USB_OTG_FS_DP
PA13.Mode=Serial_Wire
PA13.Signal=SYS_JTMS-SWDIO
PA14.Mode=Serial_Wire
PA14.Signal=SYS_JTCK-SWCLK
PA15.GPIOParameters=GPIO_Label
PA15.GPIO_Label=CD4051_A
PA15.Locked=true
PA15.Signal=GPIO_Output
PA4.GPIOParameters=GPIO_Speed,PinState,GPIO_Label
PA4.GPIO_Label=SPI_CS
PA4.GPIO_Speed=GPIO_SPEED_FREQ_VERY_HIGH
PA4.Locked=true
PA4.PinState=GPIO_PIN_SET
PA4.Signal=GPIO_Output
PA5.Mode=Full_Duplex_Master
PA5.Signal=SPI1_SCK
PA6.Mode=Full_Duplex_Master
PA6.Signal=SPI1_MISO
PA7.Mode=Full_Duplex_Master
PA7.Signal=SPI1_MOSI
PA8.Locked=true
PA8.Signal=S_TIM1_CH1
PA9.Mode=Asynchronous
PA9.Signal=USART1_TX
PB0.Locked=true
PB0.Signal=S_TIM3_CH3
PB1.Locked=true
PB1.Signal=S_TIM3_CH4
PB10.Locked=true
PB10.Signal=S_TIM2_CH3
PB14.Locked=true
PB14.Mode=PWM Generation2 CH2N
PB14.Signal=TIM1_CH2N
PB15.Locked=true
PB15.Mode=PWM Generation3 CH3N
PB15.Signal=TIM1_CH3N
PB2.GPIOParameters=GPIO_Label
PB2.GPIO_Label=LED_STATUS
PB2.Locked=true
PB2.Signal=GPIO_Output
PB3.Locked=true
PB3.Signal=S_TIM2_CH2
PB4.Locked=true
PB4.Signal=S_TIM3_CH1
PB5.GPIOParameters=GPIO_Label
PB5.GPIO_Label=CD4051_B
PB5.Locked=true
PB5.Signal=GPIO_Output
PB6.GPIOParameters=GPIO_Label
PB6.GPIO_Label=CD4051_C
PB6.Locked=true
PB6.Signal=GPIO_Output
PB7.GPIOParameters=GPIO_Label
PB7.GPIO_Label=IC_IN_TIM4_CH2
PB7.Locked=true
PB7.Signal=S_TIM4_CH2
PB8.Locked=true
PB8.Mode=I2C
PB8.Signal=I2C1_SCL
PB9.Locked=true
PB9.Mode=I2C
PB9.Signal=I2C1_SDA
PC14-OSC32_IN.Mode=LSE-External-Oscillator
PC14-OSC32_IN.Signal=RCC_OSC32_IN
PC15-OSC32_OUT.Mode=LSE-External-Oscillator
PC15-OSC32_OUT.Signal=RCC_OSC32_OUT
PH0\ -\ OSC_IN.Mode=HSE-External-Oscillator
PH0\ -\ OSC_IN.Signal=RCC_OSC_IN
PH1\ -\ OSC_OUT.Mode=HSE-External-Oscillator
PH1\ -\ OSC_OUT.Signal=RCC_OSC_OUT
PinOutPanel.RotationAngle=0
ProjectManager.AskForMigrate=true
ProjectManager.BackupPrevious=false
ProjectManager.CompilerOptimize=6
ProjectManager.ComputerToolchain=false
ProjectManager.CoupleFile=true
ProjectManager.CustomerFirmwarePackage=
ProjectManager.DefaultFWLocation=true
ProjectManager.DeletePrevious=true
ProjectManager.DeviceId=STM32F401CCUx
ProjectManager.FirmwarePackage=STM32Cube FW_F4 V1.27.1
ProjectManager.FreePins=false
ProjectManager.HalAssertFull=false
ProjectManager.HeapSize=0x200
ProjectManager.KeepUserCode=true
ProjectManager.LastFirmware=true
ProjectManager.LibraryCopy=1
ProjectManager.MainLocation=Core/Src
ProjectManager.NoMain=false
ProjectManager.PreviousToolchain=
ProjectManager.ProjectBuild=false
ProjectManager.ProjectFileName=VCHESS_V1.2.1.ioc
ProjectManager.ProjectName=VCHESS_V1.2.1
ProjectManager.RegisterCallBack=
ProjectManager.StackSize=0x400
ProjectManager.TargetToolchain=STM32CubeIDE
ProjectManager.ToolChainLocation=
ProjectManager.UnderRoot=true
ProjectManager.functionlistsort=1-SystemClock_Config-RCC-false-HAL-false,2-MX_GPIO_Init-GPIO-false-HAL-true,3-MX_DMA_Init-DMA-false-HAL-true,4-MX_TIM1_Init-TIM1-false-HAL-true,5-MX_USB_DEVICE_Init-USB_DEVICE-false-HAL-false,6-MX_TIM2_Init-TIM2-false-HAL-true,7-MX_TIM3_Init-TIM3-false-HAL-true,8-MX_TIM4_Init-TIM4-false-HAL-true,9-MX_I2C1_Init-I2C1-false-HAL-true,10-MX_SPI1_Init-SPI1-false-HAL-true,11-MX_USART1_UART_Init-USART1-false-HAL-true,12-MX_RTC_Init-RTC-false-HAL-true
RCC.48MHZClocksFreq_Value=48000000
RCC.AHBFreq_Value=84000000
RCC.APB1CLKDivider=RCC_HCLK_DIV2
RCC.APB1Freq_Value=42000000
RCC.APB1TimFreq_Value=84000000
RCC.APB2Freq_Value=84000000
RCC.APB2TimFreq_Value=84000000
RCC.CortexFreq_Value=84000000
RCC.FCLKCortexFreq_Value=84000000
RCC.HCLKFreq_Value=84000000
RCC.HSE_VALUE=25000000
RCC.HSI_VALUE=16000000
RCC.I2SClocksFreq_Value=96000000
RCC.IPParameters=48MHZClocksFreq_Value,AHBFreq_Value,APB1CLKDivider,APB1Freq_Value,APB1TimFreq_Value,APB2Freq_Value,APB2TimFreq_Value,CortexFreq_Value,FCLKCortexFreq_Value,HCLKFreq_Value,HSE_VALUE,HSI_VALUE,I2SClocksFreq_Value,LSI_VALUE,PLLCLKFreq_Value,PLLM,PLLN,PLLP,PLLQ,PLLQCLKFreq_Value,RCC_RTC_Clock_SourceVirtual,RTCFreq_Value,RTCHSEDivFreq_Value,SYSCLKFreq_VALUE,SYSCLKSource,VCOI2SOutputFreq_Value,VCOInputFreq_Value,VCOOutputFreq_Value,VcooutputI2S
RCC.LSI_VALUE=32000
RCC.PLLCLKFreq_Value=84000000
RCC.PLLM=25
RCC.PLLN=336
RCC.PLLP=RCC_PLLP_DIV4
RCC.PLLQ=7
RCC.PLLQCLKFreq_Value=48000000
RCC.RCC_RTC_Clock_SourceVirtual=RCC_RTCCLKSOURCE_LSE
RCC.RTCFreq_Value=32768
RCC.RTCHSEDivFreq_Value=12500000
RCC.SYSCLKFreq_VALUE=84000000
RCC.SYSCLKSource=RCC_SYSCLKSOURCE_PLLCLK
RCC.VCOI2SOutputFreq_Value=192000000
RCC.VCOInputFreq_Value=1000000
RCC.VCOOutputFreq_Value=336000000
RCC.VcooutputI2S=96000000
RTC.Date=9
RTC.Format=RTC_FORMAT_BIN
RTC.IPParameters=Month,Date,Year,Format,SynchPrediv
RTC.Month=RTC_MONTH_SEPTEMBER
RTC.SynchPrediv=10
RTC.Year=22
SH.S_TIM1_CH1.0=TIM1_CH1,PWM Generation1 CH1
SH.S_TIM1_CH1.ConfNb=1
SH.S_TIM2_CH2.0=TIM2_CH2,PWM Generation2 CH2
SH.S_TIM2_CH2.ConfNb=1
SH.S_TIM2_CH3.0=TIM2_CH3,PWM Generation3 CH3
SH.S_TIM2_CH3.ConfNb=1
SH.S_TIM3_CH1.0=TIM3_CH1,PWM Generation1 CH1
SH.S_TIM3_CH1.ConfNb=1
SH.S_TIM3_CH3.0=TIM3_CH3,PWM Generation3 CH3
SH.S_TIM3_CH3.ConfNb=1
SH.S_TIM3_CH4.0=TIM3_CH4,PWM Generation4 CH4
SH.S_TIM3_CH4.ConfNb=1
SH.S_TIM4_CH2.0=TIM4_CH2,Input_Capture2_from_TI2
SH.S_TIM4_CH2.ConfNb=1
SPI1.BaudRatePrescaler=SPI_BAUDRATEPRESCALER_8
SPI1.CLKPhase=SPI_PHASE_2EDGE
SPI1.CLKPolarity=SPI_POLARITY_HIGH
SPI1.CalculateBaudRate=10.5 MBits/s
SPI1.Direction=SPI_DIRECTION_2LINES
SPI1.IPParameters=VirtualType,Mode,Direction,CalculateBaudRate,BaudRatePrescaler,CLKPhase,CLKPolarity
SPI1.Mode=SPI_MODE_MASTER
SPI1.VirtualType=VM_MASTER
TIM1.AutoReloadPreload=TIM_AUTORELOAD_PRELOAD_ENABLE
TIM1.Channel-PWM\ Generation1\ CH1=TIM_CHANNEL_1
TIM1.Channel-PWM\ Generation2\ CH2N=TIM_CHANNEL_2
TIM1.Channel-PWM\ Generation3\ CH3N=TIM_CHANNEL_3
TIM1.IPParameters=Channel-PWM Generation1 CH1,Channel-PWM Generation2 CH2N,Channel-PWM Generation3 CH3N,AutoReloadPreload,Pulse-PWM Generation1 CH1,Pulse-PWM Generation2 CH2N,Pulse-PWM Generation3 CH3N,OCMode_PWM-PWM Generation2 CH2N,OCMode_PWM-PWM Generation3 CH3N,Period
TIM1.OCMode_PWM-PWM\ Generation2\ CH2N=TIM_OCMODE_PWM2
TIM1.OCMode_PWM-PWM\ Generation3\ CH3N=TIM_OCMODE_PWM2
TIM1.Period=2000
TIM1.Pulse-PWM\ Generation1\ CH1=0
TIM1.Pulse-PWM\ Generation2\ CH2N=0
TIM1.Pulse-PWM\ Generation3\ CH3N=0
TIM2.AutoReloadPreload=TIM_AUTORELOAD_PRELOAD_ENABLE
TIM2.Channel-PWM\ Generation2\ CH2=TIM_CHANNEL_2
TIM2.Channel-PWM\ Generation3\ CH3=TIM_CHANNEL_3
TIM2.IPParameters=Channel-PWM Generation3 CH3,Channel-PWM Generation2 CH2,AutoReloadPreload,Period
TIM2.Period=1000
TIM3.AutoReloadPreload=TIM_AUTORELOAD_PRELOAD_ENABLE
TIM3.Channel-PWM\ Generation1\ CH1=TIM_CHANNEL_1
TIM3.Channel-PWM\ Generation3\ CH3=TIM_CHANNEL_3
TIM3.Channel-PWM\ Generation4\ CH4=TIM_CHANNEL_4
TIM3.IPParameters=Channel-PWM Generation1 CH1,Channel-PWM Generation3 CH3,Channel-PWM Generation4 CH4,AutoReloadPreload,Pulse-PWM Generation1 CH1,Pulse-PWM Generation3 CH3,Pulse-PWM Generation4 CH4
TIM3.Pulse-PWM\ Generation1\ CH1=0
TIM3.Pulse-PWM\ Generation3\ CH3=0
TIM3.Pulse-PWM\ Generation4\ CH4=0
TIM4.AutoReloadPreload=TIM_AUTORELOAD_PRELOAD_ENABLE
TIM4.Channel-Input_Capture2_from_TI2=TIM_CHANNEL_2
TIM4.IPParameters=Channel-Input_Capture2_from_TI2,AutoReloadPreload
USART1.BaudRate=115200
USART1.IPParameters=VirtualMode,BaudRate
USART1.VirtualMode=VM_ASYNC
USB_DEVICE.CLASS_NAME_FS=CDC
USB_DEVICE.IPParameters=VirtualMode,VirtualModeFS,CLASS_NAME_FS,MANUFACTURER_STRING,PRODUCT_STRING_CDC_FS
USB_DEVICE.MANUFACTURER_STRING=SQChess
USB_DEVICE.PRODUCT_STRING_CDC_FS=SQ_Chess_Board
USB_DEVICE.VirtualMode=Cdc
USB_DEVICE.VirtualModeFS=Cdc_FS
USB_OTG_FS.IPParameters=VirtualMode
USB_OTG_FS.VirtualMode=Device_Only
VP_FREERTOS_VS_CMSIS_V1.Mode=CMSIS_V1
VP_FREERTOS_VS_CMSIS_V1.Signal=FREERTOS_VS_CMSIS_V1
VP_RTC_VS_RTC_Activate.Mode=RTC_Enabled
VP_RTC_VS_RTC_Activate.Signal=RTC_VS_RTC_Activate
VP_RTC_VS_RTC_Calendar.Mode=RTC_Calendar
VP_RTC_VS_RTC_Calendar.Signal=RTC_VS_RTC_Calendar
VP_SYS_VS_tim11.Mode=TIM11
VP_SYS_VS_tim11.Signal=SYS_VS_tim11
VP_TIM1_VS_ClockSourceINT.Mode=Internal
VP_TIM1_VS_ClockSourceINT.Signal=TIM1_VS_ClockSourceINT
VP_TIM2_VS_ClockSourceINT.Mode=Internal
VP_TIM2_VS_ClockSourceINT.Signal=TIM2_VS_ClockSourceINT
VP_TIM3_VS_ClockSourceINT.Mode=Internal
VP_TIM3_VS_ClockSourceINT.Signal=TIM3_VS_ClockSourceINT
VP_TIM4_VS_ClockSourceINT.Mode=Internal
VP_TIM4_VS_ClockSourceINT.Signal=TIM4_VS_ClockSourceINT
VP_USB_DEVICE_VS_USB_DEVICE_CDC_FS.Mode=CDC_FS
VP_USB_DEVICE_VS_USB_DEVICE_CDC_FS.Signal=USB_DEVICE_VS_USB_DEVICE_CDC_FS
board=custom
isbadioc=false
